// !$*UTF8*$!
{
	archiveVersion = 1;
	classes = {
	};
	objectVersion = 46;
	objects = {

/* Begin PBXAggregateTarget section */
		5E6FBF3A1933B9860084D5EE /* Mogenerator */ = {
			isa = PBXAggregateTarget;
			buildConfigurationList = 5E6FBF3B1933B9860084D5EE /* Build configuration list for PBXAggregateTarget "Mogenerator" */;
			buildPhases = (
				5E6FBF3E1933B98A0084D5EE /* ShellScript */,
			);
			dependencies = (
			);
			name = Mogenerator;
			productName = Mogenerator;
		};
/* End PBXAggregateTarget section */

/* Begin PBXBuildFile section */
		52A11F86B8884F81B1CDA5EB /* libPods.a in Frameworks */ = {isa = PBXBuildFile; fileRef = 6AE57D9C5FEA49DDA336ACEA /* libPods.a */; };
		5E1EB9DE1933B86C0078384D /* Foundation.framework in Frameworks */ = {isa = PBXBuildFile; fileRef = 5E1EB9DD1933B86C0078384D /* Foundation.framework */; };
		5E1EB9E01933B86C0078384D /* CoreGraphics.framework in Frameworks */ = {isa = PBXBuildFile; fileRef = 5E1EB9DF1933B86C0078384D /* CoreGraphics.framework */; };
		5E1EB9E21933B86C0078384D /* UIKit.framework in Frameworks */ = {isa = PBXBuildFile; fileRef = 5E1EB9E11933B86C0078384D /* UIKit.framework */; };
		5E1EB9E41933B86C0078384D /* CoreData.framework in Frameworks */ = {isa = PBXBuildFile; fileRef = 5E1EB9E31933B86C0078384D /* CoreData.framework */; };
		5E1EB9EA1933B86C0078384D /* InfoPlist.strings in Resources */ = {isa = PBXBuildFile; fileRef = 5E1EB9E81933B86C0078384D /* InfoPlist.strings */; };
		5E1EB9EC1933B86C0078384D /* main.m in Sources */ = {isa = PBXBuildFile; fileRef = 5E1EB9EB1933B86C0078384D /* main.m */; };
		5E1EB9F51933B86C0078384D /* Images.xcassets in Resources */ = {isa = PBXBuildFile; fileRef = 5E1EB9F41933B86C0078384D /* Images.xcassets */; };
		5E1EB9FC1933B86C0078384D /* XCTest.framework in Frameworks */ = {isa = PBXBuildFile; fileRef = 5E1EB9FB1933B86C0078384D /* XCTest.framework */; };
		5E1EB9FD1933B86C0078384D /* Foundation.framework in Frameworks */ = {isa = PBXBuildFile; fileRef = 5E1EB9DD1933B86C0078384D /* Foundation.framework */; };
		5E1EB9FE1933B86C0078384D /* UIKit.framework in Frameworks */ = {isa = PBXBuildFile; fileRef = 5E1EB9E11933B86C0078384D /* UIKit.framework */; };
		5E1EB9FF1933B86C0078384D /* CoreData.framework in Frameworks */ = {isa = PBXBuildFile; fileRef = 5E1EB9E31933B86C0078384D /* CoreData.framework */; };
		5E1EBA071933B86C0078384D /* InfoPlist.strings in Resources */ = {isa = PBXBuildFile; fileRef = 5E1EBA051933B86C0078384D /* InfoPlist.strings */; };
		5E1EBA091933B86C0078384D /* OQLocationTestingTests.m in Sources */ = {isa = PBXBuildFile; fileRef = 5E1EBA081933B86C0078384D /* OQLocationTestingTests.m */; };
		5E6FBF331933B9270084D5EE /* OQAppConstants.m in Sources */ = {isa = PBXBuildFile; fileRef = 5E6FBF2B1933B9270084D5EE /* OQAppConstants.m */; };
		5E6FBF341933B9270084D5EE /* OQAppDelegate.m in Sources */ = {isa = PBXBuildFile; fileRef = 5E6FBF2D1933B9270084D5EE /* OQAppDelegate.m */; };
		5E6FBF351933B9270084D5EE /* OQAppProperties.m in Sources */ = {isa = PBXBuildFile; fileRef = 5E6FBF2F1933B9270084D5EE /* OQAppProperties.m */; };
		5E6FBF361933B9270084D5EE /* OQLocationTesting.xcdatamodeld in Sources */ = {isa = PBXBuildFile; fileRef = 5E6FBF311933B9270084D5EE /* OQLocationTesting.xcdatamodeld */; };
		5E6FBF391933B9760084D5EE /* OQDataManager.m in Sources */ = {isa = PBXBuildFile; fileRef = 5E6FBF381933B9760084D5EE /* OQDataManager.m */; };
		5E6FBF431933BA0E0084D5EE /* _OQLocation.m in Sources */ = {isa = PBXBuildFile; fileRef = 5E6FBF401933BA0E0084D5EE /* _OQLocation.m */; };
		5E6FBF441933BA0E0084D5EE /* OQLocation.m in Sources */ = {isa = PBXBuildFile; fileRef = 5E6FBF421933BA0E0084D5EE /* OQLocation.m */; };
		5E6FBF471933BA5E0084D5EE /* Main.storyboard in Resources */ = {isa = PBXBuildFile; fileRef = 5E6FBF461933BA5E0084D5EE /* Main.storyboard */; };
		5E6FBF4D1933BAC70084D5EE /* OQMapViewController.m in Sources */ = {isa = PBXBuildFile; fileRef = 5E6FBF4A1933BAC70084D5EE /* OQMapViewController.m */; };
		5E6FBF4E1933BAC70084D5EE /* OQLoginViewController.m in Sources */ = {isa = PBXBuildFile; fileRef = 5E6FBF4C1933BAC70084D5EE /* OQLoginViewController.m */; };
		5E6FBF561933BB1A0084D5EE /* CoreLocation.framework in Frameworks */ = {isa = PBXBuildFile; fileRef = 5E6FBF551933BB1A0084D5EE /* CoreLocation.framework */; };
		5E6FBF581933BB210084D5EE /* MapKit.framework in Frameworks */ = {isa = PBXBuildFile; fileRef = 5E6FBF571933BB210084D5EE /* MapKit.framework */; };
		5E6FBF5C1933C8410084D5EE /* OQLocationsViewController.m in Sources */ = {isa = PBXBuildFile; fileRef = 5E6FBF5B1933C8410084D5EE /* OQLocationsViewController.m */; };
		5E6FBF5F1933C8BE0084D5EE /* OQMenuViewController.m in Sources */ = {isa = PBXBuildFile; fileRef = 5E6FBF5E1933C8BE0084D5EE /* OQMenuViewController.m */; };
		5E6FBF641933CAB00084D5EE /* OQLocationCell.m in Sources */ = {isa = PBXBuildFile; fileRef = 5E6FBF631933CAB00084D5EE /* OQLocationCell.m */; };
		5E6FBF671933FF5F0084D5EE /* OQSendLocationsOperation.m in Sources */ = {isa = PBXBuildFile; fileRef = 5E6FBF661933FF5F0084D5EE /* OQSendLocationsOperation.m */; };
		5EE3454E1934D2F600DDD261 /* OQAuthenticationManager.m in Sources */ = {isa = PBXBuildFile; fileRef = 5EE345491934D2F600DDD261 /* OQAuthenticationManager.m */; };
		5EE3454F1934D2F600DDD261 /* OQLocationManager.m in Sources */ = {isa = PBXBuildFile; fileRef = 5EE3454B1934D2F600DDD261 /* OQLocationManager.m */; };
		5EE345501934D2F600DDD261 /* OQNetworkManager.m in Sources */ = {isa = PBXBuildFile; fileRef = 5EE3454D1934D2F600DDD261 /* OQNetworkManager.m */; };
/* End PBXBuildFile section */

/* Begin PBXContainerItemProxy section */
		5E1EBA001933B86C0078384D /* PBXContainerItemProxy */ = {
			isa = PBXContainerItemProxy;
			containerPortal = 5E1EB9D21933B86C0078384D /* Project object */;
			proxyType = 1;
			remoteGlobalIDString = 5E1EB9D91933B86C0078384D;
			remoteInfo = OQLocationTesting;
		};
/* End PBXContainerItemProxy section */

/* Begin PBXFileReference section */
		5E1EB9DA1933B86C0078384D /* OQLocationTesting.app */ = {isa = PBXFileReference; explicitFileType = wrapper.application; includeInIndex = 0; path = OQLocationTesting.app; sourceTree = BUILT_PRODUCTS_DIR; };
		5E1EB9DD1933B86C0078384D /* Foundation.framework */ = {isa = PBXFileReference; lastKnownFileType = wrapper.framework; name = Foundation.framework; path = System/Library/Frameworks/Foundation.framework; sourceTree = SDKROOT; };
		5E1EB9DF1933B86C0078384D /* CoreGraphics.framework */ = {isa = PBXFileReference; lastKnownFileType = wrapper.framework; name = CoreGraphics.framework; path = System/Library/Frameworks/CoreGraphics.framework; sourceTree = SDKROOT; };
		5E1EB9E11933B86C0078384D /* UIKit.framework */ = {isa = PBXFileReference; lastKnownFileType = wrapper.framework; name = UIKit.framework; path = System/Library/Frameworks/UIKit.framework; sourceTree = SDKROOT; };
		5E1EB9E31933B86C0078384D /* CoreData.framework */ = {isa = PBXFileReference; lastKnownFileType = wrapper.framework; name = CoreData.framework; path = System/Library/Frameworks/CoreData.framework; sourceTree = SDKROOT; };
		5E1EB9E71933B86C0078384D /* OQLocationTesting-Info.plist */ = {isa = PBXFileReference; lastKnownFileType = text.plist.xml; path = "OQLocationTesting-Info.plist"; sourceTree = "<group>"; };
		5E1EB9E91933B86C0078384D /* en */ = {isa = PBXFileReference; lastKnownFileType = text.plist.strings; name = en; path = en.lproj/InfoPlist.strings; sourceTree = "<group>"; };
		5E1EB9EB1933B86C0078384D /* main.m */ = {isa = PBXFileReference; lastKnownFileType = sourcecode.c.objc; path = main.m; sourceTree = "<group>"; };
		5E1EB9ED1933B86C0078384D /* OQLocationTesting-Prefix.pch */ = {isa = PBXFileReference; lastKnownFileType = sourcecode.c.h; path = "OQLocationTesting-Prefix.pch"; sourceTree = "<group>"; };
		5E1EB9F41933B86C0078384D /* Images.xcassets */ = {isa = PBXFileReference; lastKnownFileType = folder.assetcatalog; path = Images.xcassets; sourceTree = "<group>"; };
		5E1EB9FA1933B86C0078384D /* OQLocationTestingTests.xctest */ = {isa = PBXFileReference; explicitFileType = wrapper.cfbundle; includeInIndex = 0; path = OQLocationTestingTests.xctest; sourceTree = BUILT_PRODUCTS_DIR; };
		5E1EB9FB1933B86C0078384D /* XCTest.framework */ = {isa = PBXFileReference; lastKnownFileType = wrapper.framework; name = XCTest.framework; path = Library/Frameworks/XCTest.framework; sourceTree = DEVELOPER_DIR; };
		5E1EBA041933B86C0078384D /* OQLocationTestingTests-Info.plist */ = {isa = PBXFileReference; lastKnownFileType = text.plist.xml; path = "OQLocationTestingTests-Info.plist"; sourceTree = "<group>"; };
		5E1EBA061933B86C0078384D /* en */ = {isa = PBXFileReference; lastKnownFileType = text.plist.strings; name = en; path = en.lproj/InfoPlist.strings; sourceTree = "<group>"; };
		5E1EBA081933B86C0078384D /* OQLocationTestingTests.m */ = {isa = PBXFileReference; lastKnownFileType = sourcecode.c.objc; path = OQLocationTestingTests.m; sourceTree = "<group>"; };
		5E6FBF2A1933B9270084D5EE /* OQAppConstants.h */ = {isa = PBXFileReference; fileEncoding = 4; lastKnownFileType = sourcecode.c.h; path = OQAppConstants.h; sourceTree = "<group>"; };
		5E6FBF2B1933B9270084D5EE /* OQAppConstants.m */ = {isa = PBXFileReference; fileEncoding = 4; lastKnownFileType = sourcecode.c.objc; path = OQAppConstants.m; sourceTree = "<group>"; };
		5E6FBF2C1933B9270084D5EE /* OQAppDelegate.h */ = {isa = PBXFileReference; fileEncoding = 4; lastKnownFileType = sourcecode.c.h; path = OQAppDelegate.h; sourceTree = "<group>"; };
		5E6FBF2D1933B9270084D5EE /* OQAppDelegate.m */ = {isa = PBXFileReference; fileEncoding = 4; lastKnownFileType = sourcecode.c.objc; path = OQAppDelegate.m; sourceTree = "<group>"; };
		5E6FBF2E1933B9270084D5EE /* OQAppProperties.h */ = {isa = PBXFileReference; fileEncoding = 4; lastKnownFileType = sourcecode.c.h; path = OQAppProperties.h; sourceTree = "<group>"; };
		5E6FBF2F1933B9270084D5EE /* OQAppProperties.m */ = {isa = PBXFileReference; fileEncoding = 4; lastKnownFileType = sourcecode.c.objc; path = OQAppProperties.m; sourceTree = "<group>"; };
		5E6FBF321933B9270084D5EE /* OQLocationTesting.xcdatamodel */ = {isa = PBXFileReference; lastKnownFileType = wrapper.xcdatamodel; path = OQLocationTesting.xcdatamodel; sourceTree = "<group>"; };
		5E6FBF371933B9760084D5EE /* OQDataManager.h */ = {isa = PBXFileReference; fileEncoding = 4; lastKnownFileType = sourcecode.c.h; path = OQDataManager.h; sourceTree = "<group>"; };
		5E6FBF381933B9760084D5EE /* OQDataManager.m */ = {isa = PBXFileReference; fileEncoding = 4; lastKnownFileType = sourcecode.c.objc; path = OQDataManager.m; sourceTree = "<group>"; };
		5E6FBF3F1933BA0E0084D5EE /* _OQLocation.h */ = {isa = PBXFileReference; fileEncoding = 4; lastKnownFileType = sourcecode.c.h; path = _OQLocation.h; sourceTree = "<group>"; };
		5E6FBF401933BA0E0084D5EE /* _OQLocation.m */ = {isa = PBXFileReference; fileEncoding = 4; lastKnownFileType = sourcecode.c.objc; path = _OQLocation.m; sourceTree = "<group>"; };
		5E6FBF411933BA0E0084D5EE /* OQLocation.h */ = {isa = PBXFileReference; fileEncoding = 4; lastKnownFileType = sourcecode.c.h; path = OQLocation.h; sourceTree = "<group>"; };
		5E6FBF421933BA0E0084D5EE /* OQLocation.m */ = {isa = PBXFileReference; fileEncoding = 4; lastKnownFileType = sourcecode.c.objc; path = OQLocation.m; sourceTree = "<group>"; };
		5E6FBF461933BA5E0084D5EE /* Main.storyboard */ = {isa = PBXFileReference; fileEncoding = 4; lastKnownFileType = file.storyboard; path = Main.storyboard; sourceTree = "<group>"; };
		5E6FBF491933BAC70084D5EE /* OQMapViewController.h */ = {isa = PBXFileReference; fileEncoding = 4; lastKnownFileType = sourcecode.c.h; path = OQMapViewController.h; sourceTree = "<group>"; };
		5E6FBF4A1933BAC70084D5EE /* OQMapViewController.m */ = {isa = PBXFileReference; fileEncoding = 4; lastKnownFileType = sourcecode.c.objc; path = OQMapViewController.m; sourceTree = "<group>"; };
		5E6FBF4B1933BAC70084D5EE /* OQLoginViewController.h */ = {isa = PBXFileReference; fileEncoding = 4; lastKnownFileType = sourcecode.c.h; path = OQLoginViewController.h; sourceTree = "<group>"; };
		5E6FBF4C1933BAC70084D5EE /* OQLoginViewController.m */ = {isa = PBXFileReference; fileEncoding = 4; lastKnownFileType = sourcecode.c.objc; path = OQLoginViewController.m; sourceTree = "<group>"; };
		5E6FBF551933BB1A0084D5EE /* CoreLocation.framework */ = {isa = PBXFileReference; lastKnownFileType = wrapper.framework; name = CoreLocation.framework; path = System/Library/Frameworks/CoreLocation.framework; sourceTree = SDKROOT; };
		5E6FBF571933BB210084D5EE /* MapKit.framework */ = {isa = PBXFileReference; lastKnownFileType = wrapper.framework; name = MapKit.framework; path = System/Library/Frameworks/MapKit.framework; sourceTree = SDKROOT; };
		5E6FBF591933C14E0084D5EE /* DLog.h */ = {isa = PBXFileReference; lastKnownFileType = sourcecode.c.h; path = DLog.h; sourceTree = "<group>"; };
		5E6FBF5A1933C8410084D5EE /* OQLocationsViewController.h */ = {isa = PBXFileReference; fileEncoding = 4; lastKnownFileType = sourcecode.c.h; path = OQLocationsViewController.h; sourceTree = "<group>"; };
		5E6FBF5B1933C8410084D5EE /* OQLocationsViewController.m */ = {isa = PBXFileReference; fileEncoding = 4; lastKnownFileType = sourcecode.c.objc; path = OQLocationsViewController.m; sourceTree = "<group>"; };
		5E6FBF5D1933C8BE0084D5EE /* OQMenuViewController.h */ = {isa = PBXFileReference; fileEncoding = 4; lastKnownFileType = sourcecode.c.h; path = OQMenuViewController.h; sourceTree = "<group>"; };
		5E6FBF5E1933C8BE0084D5EE /* OQMenuViewController.m */ = {isa = PBXFileReference; fileEncoding = 4; lastKnownFileType = sourcecode.c.objc; path = OQMenuViewController.m; sourceTree = "<group>"; };
		5E6FBF621933CAB00084D5EE /* OQLocationCell.h */ = {isa = PBXFileReference; fileEncoding = 4; lastKnownFileType = sourcecode.c.h; path = OQLocationCell.h; sourceTree = "<group>"; };
		5E6FBF631933CAB00084D5EE /* OQLocationCell.m */ = {isa = PBXFileReference; fileEncoding = 4; lastKnownFileType = sourcecode.c.objc; path = OQLocationCell.m; sourceTree = "<group>"; };
		5E6FBF651933FF5F0084D5EE /* OQSendLocationsOperation.h */ = {isa = PBXFileReference; fileEncoding = 4; lastKnownFileType = sourcecode.c.h; path = OQSendLocationsOperation.h; sourceTree = "<group>"; };
		5E6FBF661933FF5F0084D5EE /* OQSendLocationsOperation.m */ = {isa = PBXFileReference; fileEncoding = 4; lastKnownFileType = sourcecode.c.objc; path = OQSendLocationsOperation.m; sourceTree = "<group>"; };
		5EE345481934D2F600DDD261 /* OQAuthenticationManager.h */ = {isa = PBXFileReference; fileEncoding = 4; lastKnownFileType = sourcecode.c.h; path = OQAuthenticationManager.h; sourceTree = "<group>"; };
		5EE345491934D2F600DDD261 /* OQAuthenticationManager.m */ = {isa = PBXFileReference; fileEncoding = 4; lastKnownFileType = sourcecode.c.objc; path = OQAuthenticationManager.m; sourceTree = "<group>"; };
		5EE3454A1934D2F600DDD261 /* OQLocationManager.h */ = {isa = PBXFileReference; fileEncoding = 4; lastKnownFileType = sourcecode.c.h; path = OQLocationManager.h; sourceTree = "<group>"; };
		5EE3454B1934D2F600DDD261 /* OQLocationManager.m */ = {isa = PBXFileReference; fileEncoding = 4; lastKnownFileType = sourcecode.c.objc; path = OQLocationManager.m; sourceTree = "<group>"; };
		5EE3454C1934D2F600DDD261 /* OQNetworkManager.h */ = {isa = PBXFileReference; fileEncoding = 4; lastKnownFileType = sourcecode.c.h; path = OQNetworkManager.h; sourceTree = "<group>"; };
		5EE3454D1934D2F600DDD261 /* OQNetworkManager.m */ = {isa = PBXFileReference; fileEncoding = 4; lastKnownFileType = sourcecode.c.objc; path = OQNetworkManager.m; sourceTree = "<group>"; };
		6AE57D9C5FEA49DDA336ACEA /* libPods.a */ = {isa = PBXFileReference; explicitFileType = archive.ar; includeInIndex = 0; path = libPods.a; sourceTree = BUILT_PRODUCTS_DIR; };
		7BB8A24196CC47F28666A158 /* Pods.xcconfig */ = {isa = PBXFileReference; includeInIndex = 1; lastKnownFileType = text.xcconfig; name = Pods.xcconfig; path = ../Pods/Pods.xcconfig; sourceTree = "<group>"; };
/* End PBXFileReference section */

/* Begin PBXFrameworksBuildPhase section */
		5E1EB9D71933B86C0078384D /* Frameworks */ = {
			isa = PBXFrameworksBuildPhase;
			buildActionMask = 2147483647;
			files = (
				5E6FBF581933BB210084D5EE /* MapKit.framework in Frameworks */,
				5E6FBF561933BB1A0084D5EE /* CoreLocation.framework in Frameworks */,
				5E1EB9E01933B86C0078384D /* CoreGraphics.framework in Frameworks */,
				5E1EB9E41933B86C0078384D /* CoreData.framework in Frameworks */,
				5E1EB9E21933B86C0078384D /* UIKit.framework in Frameworks */,
				5E1EB9DE1933B86C0078384D /* Foundation.framework in Frameworks */,
				52A11F86B8884F81B1CDA5EB /* libPods.a in Frameworks */,
			);
			runOnlyForDeploymentPostprocessing = 0;
		};
		5E1EB9F71933B86C0078384D /* Frameworks */ = {
			isa = PBXFrameworksBuildPhase;
			buildActionMask = 2147483647;
			files = (
				5E1EB9FC1933B86C0078384D /* XCTest.framework in Frameworks */,
				5E1EB9FF1933B86C0078384D /* CoreData.framework in Frameworks */,
				5E1EB9FE1933B86C0078384D /* UIKit.framework in Frameworks */,
				5E1EB9FD1933B86C0078384D /* Foundation.framework in Frameworks */,
			);
			runOnlyForDeploymentPostprocessing = 0;
		};
/* End PBXFrameworksBuildPhase section */

/* Begin PBXGroup section */
		5E1EB9D11933B86C0078384D = {
			isa = PBXGroup;
			children = (
				5E1EB9E51933B86C0078384D /* OQLocationTesting */,
				5E1EBA021933B86C0078384D /* OQLocationTestingTests */,
				5E1EB9DC1933B86C0078384D /* Frameworks */,
				5E1EB9DB1933B86C0078384D /* Products */,
			);
			sourceTree = "<group>";
		};
		5E1EB9DB1933B86C0078384D /* Products */ = {
			isa = PBXGroup;
			children = (
				5E1EB9DA1933B86C0078384D /* OQLocationTesting.app */,
				5E1EB9FA1933B86C0078384D /* OQLocationTestingTests.xctest */,
			);
			name = Products;
			sourceTree = "<group>";
		};
		5E1EB9DC1933B86C0078384D /* Frameworks */ = {
			isa = PBXGroup;
			children = (
				5E6FBF571933BB210084D5EE /* MapKit.framework */,
				5E6FBF551933BB1A0084D5EE /* CoreLocation.framework */,
				5E1EB9DD1933B86C0078384D /* Foundation.framework */,
				5E1EB9DF1933B86C0078384D /* CoreGraphics.framework */,
				5E1EB9E11933B86C0078384D /* UIKit.framework */,
				5E1EB9E31933B86C0078384D /* CoreData.framework */,
				5E1EB9FB1933B86C0078384D /* XCTest.framework */,
				6AE57D9C5FEA49DDA336ACEA /* libPods.a */,
			);
			name = Frameworks;
			sourceTree = "<group>";
		};
		5E1EB9E51933B86C0078384D /* OQLocationTesting */ = {
			isa = PBXGroup;
			children = (
				5E6FBF291933B9270084D5EE /* App */,
				5E6FBF611933CAA00084D5EE /* Cells */,
				5EE345471934D2F600DDD261 /* Managers */,
				5E6FBF301933B9270084D5EE /* Model */,
				5E1EB9E61933B86C0078384D /* Supporting Files */,
				5E6FBF451933BA5E0084D5EE /* UI */,
				5E6FBF481933BAC70084D5EE /* View Controllers */,
				5E1EB9F41933B86C0078384D /* Images.xcassets */,
				5E6FBF651933FF5F0084D5EE /* OQSendLocationsOperation.h */,
				5E6FBF661933FF5F0084D5EE /* OQSendLocationsOperation.m */,
			);
			path = OQLocationTesting;
			sourceTree = "<group>";
		};
		5E1EB9E61933B86C0078384D /* Supporting Files */ = {
			isa = PBXGroup;
			children = (
				7BB8A24196CC47F28666A158 /* Pods.xcconfig */,
				5E6FBF591933C14E0084D5EE /* DLog.h */,
				5E1EB9E71933B86C0078384D /* OQLocationTesting-Info.plist */,
				5E1EB9E81933B86C0078384D /* InfoPlist.strings */,
				5E1EB9EB1933B86C0078384D /* main.m */,
				5E1EB9ED1933B86C0078384D /* OQLocationTesting-Prefix.pch */,
			);
			name = "Supporting Files";
			sourceTree = "<group>";
		};
		5E1EBA021933B86C0078384D /* OQLocationTestingTests */ = {
			isa = PBXGroup;
			children = (
				5E1EBA081933B86C0078384D /* OQLocationTestingTests.m */,
				5E1EBA031933B86C0078384D /* Supporting Files */,
			);
			path = OQLocationTestingTests;
			sourceTree = "<group>";
		};
		5E1EBA031933B86C0078384D /* Supporting Files */ = {
			isa = PBXGroup;
			children = (
				5E1EBA041933B86C0078384D /* OQLocationTestingTests-Info.plist */,
				5E1EBA051933B86C0078384D /* InfoPlist.strings */,
			);
			name = "Supporting Files";
			sourceTree = "<group>";
		};
		5E6FBF291933B9270084D5EE /* App */ = {
			isa = PBXGroup;
			children = (
				5E6FBF2A1933B9270084D5EE /* OQAppConstants.h */,
				5E6FBF2B1933B9270084D5EE /* OQAppConstants.m */,
				5E6FBF2C1933B9270084D5EE /* OQAppDelegate.h */,
				5E6FBF2D1933B9270084D5EE /* OQAppDelegate.m */,
				5E6FBF2E1933B9270084D5EE /* OQAppProperties.h */,
				5E6FBF2F1933B9270084D5EE /* OQAppProperties.m */,
			);
			path = App;
			sourceTree = "<group>";
		};
		5E6FBF301933B9270084D5EE /* Model */ = {
			isa = PBXGroup;
			children = (
				5E6FBF3F1933BA0E0084D5EE /* _OQLocation.h */,
				5E6FBF401933BA0E0084D5EE /* _OQLocation.m */,
				5E6FBF411933BA0E0084D5EE /* OQLocation.h */,
				5E6FBF421933BA0E0084D5EE /* OQLocation.m */,
				5E6FBF371933B9760084D5EE /* OQDataManager.h */,
				5E6FBF381933B9760084D5EE /* OQDataManager.m */,
				5E6FBF311933B9270084D5EE /* OQLocationTesting.xcdatamodeld */,
			);
			path = Model;
			sourceTree = "<group>";
		};
		5E6FBF451933BA5E0084D5EE /* UI */ = {
			isa = PBXGroup;
			children = (
				5E6FBF461933BA5E0084D5EE /* Main.storyboard */,
			);
			path = UI;
			sourceTree = "<group>";
		};
		5E6FBF481933BAC70084D5EE /* View Controllers */ = {
			isa = PBXGroup;
			children = (
				5E6FBF491933BAC70084D5EE /* OQMapViewController.h */,
				5E6FBF4A1933BAC70084D5EE /* OQMapViewController.m */,
				5E6FBF4B1933BAC70084D5EE /* OQLoginViewController.h */,
				5E6FBF4C1933BAC70084D5EE /* OQLoginViewController.m */,
				5E6FBF5A1933C8410084D5EE /* OQLocationsViewController.h */,
				5E6FBF5B1933C8410084D5EE /* OQLocationsViewController.m */,
				5E6FBF5D1933C8BE0084D5EE /* OQMenuViewController.h */,
				5E6FBF5E1933C8BE0084D5EE /* OQMenuViewController.m */,
			);
			path = "View Controllers";
			sourceTree = "<group>";
		};
		5E6FBF611933CAA00084D5EE /* Cells */ = {
			isa = PBXGroup;
			children = (
				5E6FBF621933CAB00084D5EE /* OQLocationCell.h */,
				5E6FBF631933CAB00084D5EE /* OQLocationCell.m */,
			);
			path = Cells;
			sourceTree = "<group>";
		};
		5EE345471934D2F600DDD261 /* Managers */ = {
			isa = PBXGroup;
			children = (
				5EE345481934D2F600DDD261 /* OQAuthenticationManager.h */,
				5EE345491934D2F600DDD261 /* OQAuthenticationManager.m */,
				5EE3454A1934D2F600DDD261 /* OQLocationManager.h */,
				5EE3454B1934D2F600DDD261 /* OQLocationManager.m */,
				5EE3454C1934D2F600DDD261 /* OQNetworkManager.h */,
				5EE3454D1934D2F600DDD261 /* OQNetworkManager.m */,
			);
			path = Managers;
			sourceTree = "<group>";
		};
/* End PBXGroup section */

/* Begin PBXNativeTarget section */
		5E1EB9D91933B86C0078384D /* OQLocationTesting */ = {
			isa = PBXNativeTarget;
			buildConfigurationList = 5E1EBA0C1933B86D0078384D /* Build configuration list for PBXNativeTarget "OQLocationTesting" */;
			buildPhases = (
				A3920434E3044C7A94D15FCA /* Check Pods Manifest.lock */,
				5E1EB9D61933B86C0078384D /* Sources */,
				5E1EB9D71933B86C0078384D /* Frameworks */,
				5E1EB9D81933B86C0078384D /* Resources */,
				711C5A90DC1D45EC8B63BD0F /* Copy Pods Resources */,
			);
			buildRules = (
			);
			dependencies = (
			);
			name = OQLocationTesting;
			productName = OQLocationTesting;
			productReference = 5E1EB9DA1933B86C0078384D /* OQLocationTesting.app */;
			productType = "com.apple.product-type.application";
		};
		5E1EB9F91933B86C0078384D /* OQLocationTestingTests */ = {
			isa = PBXNativeTarget;
			buildConfigurationList = 5E1EBA0F1933B86D0078384D /* Build configuration list for PBXNativeTarget "OQLocationTestingTests" */;
			buildPhases = (
				5E1EB9F61933B86C0078384D /* Sources */,
				5E1EB9F71933B86C0078384D /* Frameworks */,
				5E1EB9F81933B86C0078384D /* Resources */,
			);
			buildRules = (
			);
			dependencies = (
				5E1EBA011933B86C0078384D /* PBXTargetDependency */,
			);
			name = OQLocationTestingTests;
			productName = OQLocationTestingTests;
			productReference = 5E1EB9FA1933B86C0078384D /* OQLocationTestingTests.xctest */;
			productType = "com.apple.product-type.bundle.unit-test";
		};
/* End PBXNativeTarget section */

/* Begin PBXProject section */
		5E1EB9D21933B86C0078384D /* Project object */ = {
			isa = PBXProject;
			attributes = {
				CLASSPREFIX = OQ;
				LastUpgradeCheck = 0510;
				ORGANIZATIONNAME = OQ;
				TargetAttributes = {
					5E1EB9D91933B86C0078384D = {
						SystemCapabilities = {
							com.apple.BackgroundModes = {
								enabled = 1;
							};
						};
					};
					5E1EB9F91933B86C0078384D = {
						TestTargetID = 5E1EB9D91933B86C0078384D;
					};
				};
			};
			buildConfigurationList = 5E1EB9D51933B86C0078384D /* Build configuration list for PBXProject "OQLocationTesting" */;
			compatibilityVersion = "Xcode 3.2";
			developmentRegion = English;
			hasScannedForEncodings = 0;
			knownRegions = (
				en,
			);
			mainGroup = 5E1EB9D11933B86C0078384D;
			productRefGroup = 5E1EB9DB1933B86C0078384D /* Products */;
			projectDirPath = "";
			projectRoot = "";
			targets = (
				5E1EB9D91933B86C0078384D /* OQLocationTesting */,
				5E1EB9F91933B86C0078384D /* OQLocationTestingTests */,
				5E6FBF3A1933B9860084D5EE /* Mogenerator */,
			);
		};
/* End PBXProject section */

/* Begin PBXResourcesBuildPhase section */
		5E1EB9D81933B86C0078384D /* Resources */ = {
			isa = PBXResourcesBuildPhase;
			buildActionMask = 2147483647;
			files = (
				5E6FBF471933BA5E0084D5EE /* Main.storyboard in Resources */,
				5E1EB9EA1933B86C0078384D /* InfoPlist.strings in Resources */,
				5E1EB9F51933B86C0078384D /* Images.xcassets in Resources */,
			);
			runOnlyForDeploymentPostprocessing = 0;
		};
		5E1EB9F81933B86C0078384D /* Resources */ = {
			isa = PBXResourcesBuildPhase;
			buildActionMask = 2147483647;
			files = (
				5E1EBA071933B86C0078384D /* InfoPlist.strings in Resources */,
			);
			runOnlyForDeploymentPostprocessing = 0;
		};
/* End PBXResourcesBuildPhase section */

/* Begin PBXShellScriptBuildPhase section */
		5E6FBF3E1933B98A0084D5EE /* ShellScript */ = {
			isa = PBXShellScriptBuildPhase;
			buildActionMask = 2147483647;
			files = (
			);
			inputPaths = (
			);
			outputPaths = (
			);
			runOnlyForDeploymentPostprocessing = 0;
			shellPath = /bin/sh;
			shellScript = "mogenerator -m OQLocationTesting/Model/OQLocationTesting.xcdatamodeld -O OQLocationTesting/Model --template-var arc=true";
		};
		711C5A90DC1D45EC8B63BD0F /* Copy Pods Resources */ = {
			isa = PBXShellScriptBuildPhase;
			buildActionMask = 2147483647;
			files = (
			);
			inputPaths = (
			);
			name = "Copy Pods Resources";
			outputPaths = (
			);
			runOnlyForDeploymentPostprocessing = 0;
			shellPath = /bin/sh;
			shellScript = "\"${SRCROOT}/Pods/Pods-resources.sh\"\n";
			showEnvVarsInLog = 0;
		};
		A3920434E3044C7A94D15FCA /* Check Pods Manifest.lock */ = {
			isa = PBXShellScriptBuildPhase;
			buildActionMask = 2147483647;
			files = (
			);
			inputPaths = (
			);
			name = "Check Pods Manifest.lock";
			outputPaths = (
			);
			runOnlyForDeploymentPostprocessing = 0;
			shellPath = /bin/sh;
			shellScript = "diff \"${PODS_ROOT}/../Podfile.lock\" \"${PODS_ROOT}/Manifest.lock\" > /dev/null\nif [[ $? != 0 ]] ; then\n    cat << EOM\nerror: The sandbox is not in sync with the Podfile.lock. Run 'pod install' or update your CocoaPods installation.\nEOM\n    exit 1\nfi\n";
			showEnvVarsInLog = 0;
		};
/* End PBXShellScriptBuildPhase section */

/* Begin PBXSourcesBuildPhase section */
		5E1EB9D61933B86C0078384D /* Sources */ = {
			isa = PBXSourcesBuildPhase;
			buildActionMask = 2147483647;
			files = (
				5E6FBF441933BA0E0084D5EE /* OQLocation.m in Sources */,
				5E6FBF341933B9270084D5EE /* OQAppDelegate.m in Sources */,
				5EE3454F1934D2F600DDD261 /* OQLocationManager.m in Sources */,
				5E6FBF4E1933BAC70084D5EE /* OQLoginViewController.m in Sources */,
				5E1EB9EC1933B86C0078384D /* main.m in Sources */,
				5E6FBF5F1933C8BE0084D5EE /* OQMenuViewController.m in Sources */,
				5E6FBF351933B9270084D5EE /* OQAppProperties.m in Sources */,
				5E6FBF331933B9270084D5EE /* OQAppConstants.m in Sources */,
				5E6FBF4D1933BAC70084D5EE /* OQMapViewController.m in Sources */,
				5EE3454E1934D2F600DDD261 /* OQAuthenticationManager.m in Sources */,
				5E6FBF5C1933C8410084D5EE /* OQLocationsViewController.m in Sources */,
				5E6FBF641933CAB00084D5EE /* OQLocationCell.m in Sources */,
				5E6FBF361933B9270084D5EE /* OQLocationTesting.xcdatamodeld in Sources */,
				5E6FBF671933FF5F0084D5EE /* OQSendLocationsOperation.m in Sources */,
				5E6FBF391933B9760084D5EE /* OQDataManager.m in Sources */,
				5EE345501934D2F600DDD261 /* OQNetworkManager.m in Sources */,
				5E6FBF431933BA0E0084D5EE /* _OQLocation.m in Sources */,
			);
			runOnlyForDeploymentPostprocessing = 0;
		};
		5E1EB9F61933B86C0078384D /* Sources */ = {
			isa = PBXSourcesBuildPhase;
			buildActionMask = 2147483647;
			files = (
				5E1EBA091933B86C0078384D /* OQLocationTestingTests.m in Sources */,
			);
			runOnlyForDeploymentPostprocessing = 0;
		};
/* End PBXSourcesBuildPhase section */

/* Begin PBXTargetDependency section */
		5E1EBA011933B86C0078384D /* PBXTargetDependency */ = {
			isa = PBXTargetDependency;
			target = 5E1EB9D91933B86C0078384D /* OQLocationTesting */;
			targetProxy = 5E1EBA001933B86C0078384D /* PBXContainerItemProxy */;
		};
/* End PBXTargetDependency section */

/* Begin PBXVariantGroup section */
		5E1EB9E81933B86C0078384D /* InfoPlist.strings */ = {
			isa = PBXVariantGroup;
			children = (
				5E1EB9E91933B86C0078384D /* en */,
			);
			name = InfoPlist.strings;
			sourceTree = "<group>";
		};
		5E1EBA051933B86C0078384D /* InfoPlist.strings */ = {
			isa = PBXVariantGroup;
			children = (
				5E1EBA061933B86C0078384D /* en */,
			);
			name = InfoPlist.strings;
			sourceTree = "<group>";
		};
/* End PBXVariantGroup section */

/* Begin XCBuildConfiguration section */
		5E1EBA0A1933B86D0078384D /* Debug */ = {
			isa = XCBuildConfiguration;
			buildSettings = {
				ALWAYS_SEARCH_USER_PATHS = NO;
				CLANG_CXX_LANGUAGE_STANDARD = "gnu++0x";
				CLANG_CXX_LIBRARY = "libc++";
				CLANG_ENABLE_MODULES = YES;
				CLANG_ENABLE_OBJC_ARC = YES;
				CLANG_WARN_BOOL_CONVERSION = YES;
				CLANG_WARN_CONSTANT_CONVERSION = YES;
				CLANG_WARN_DIRECT_OBJC_ISA_USAGE = YES_ERROR;
				CLANG_WARN_EMPTY_BODY = YES;
				CLANG_WARN_ENUM_CONVERSION = YES;
				CLANG_WARN_INT_CONVERSION = YES;
				CLANG_WARN_OBJC_ROOT_CLASS = YES_ERROR;
				CLANG_WARN__DUPLICATE_METHOD_MATCH = YES;
				"CODE_SIGN_IDENTITY[sdk=iphoneos*]" = "iPhone Developer";
				COPY_PHASE_STRIP = NO;
				GCC_C_LANGUAGE_STANDARD = gnu99;
				GCC_DYNAMIC_NO_PIC = NO;
				GCC_OPTIMIZATION_LEVEL = 0;
				GCC_PREPROCESSOR_DEFINITIONS = (
					"DEBUG=1",
					"$(inherited)",
				);
				GCC_SYMBOLS_PRIVATE_EXTERN = NO;
				GCC_WARN_64_TO_32_BIT_CONVERSION = YES;
				GCC_WARN_ABOUT_RETURN_TYPE = YES_ERROR;
				GCC_WARN_UNDECLARED_SELECTOR = YES;
				GCC_WARN_UNINITIALIZED_AUTOS = YES_AGGRESSIVE;
				GCC_WARN_UNUSED_FUNCTION = YES;
				GCC_WARN_UNUSED_VARIABLE = YES;
				IPHONEOS_DEPLOYMENT_TARGET = 7.1;
				ONLY_ACTIVE_ARCH = YES;
				SDKROOT = iphoneos;
			};
			name = Debug;
		};
		5E1EBA0B1933B86D0078384D /* Release */ = {
			isa = XCBuildConfiguration;
			buildSettings = {
				ALWAYS_SEARCH_USER_PATHS = NO;
				CLANG_CXX_LANGUAGE_STANDARD = "gnu++0x";
				CLANG_CXX_LIBRARY = "libc++";
				CLANG_ENABLE_MODULES = YES;
				CLANG_ENABLE_OBJC_ARC = YES;
				CLANG_WARN_BOOL_CONVERSION = YES;
				CLANG_WARN_CONSTANT_CONVERSION = YES;
				CLANG_WARN_DIRECT_OBJC_ISA_USAGE = YES_ERROR;
				CLANG_WARN_EMPTY_BODY = YES;
				CLANG_WARN_ENUM_CONVERSION = YES;
				CLANG_WARN_INT_CONVERSION = YES;
				CLANG_WARN_OBJC_ROOT_CLASS = YES_ERROR;
				CLANG_WARN__DUPLICATE_METHOD_MATCH = YES;
				"CODE_SIGN_IDENTITY[sdk=iphoneos*]" = "iPhone Developer";
				COPY_PHASE_STRIP = YES;
				ENABLE_NS_ASSERTIONS = NO;
				GCC_C_LANGUAGE_STANDARD = gnu99;
				GCC_WARN_64_TO_32_BIT_CONVERSION = YES;
				GCC_WARN_ABOUT_RETURN_TYPE = YES_ERROR;
				GCC_WARN_UNDECLARED_SELECTOR = YES;
				GCC_WARN_UNINITIALIZED_AUTOS = YES_AGGRESSIVE;
				GCC_WARN_UNUSED_FUNCTION = YES;
				GCC_WARN_UNUSED_VARIABLE = YES;
				IPHONEOS_DEPLOYMENT_TARGET = 7.1;
				SDKROOT = iphoneos;
				VALIDATE_PRODUCT = YES;
			};
			name = Release;
		};
		5E1EBA0D1933B86D0078384D /* Debug */ = {
			isa = XCBuildConfiguration;
			baseConfigurationReference = 7BB8A24196CC47F28666A158 /* Pods.xcconfig */;
			buildSettings = {
				ASSETCATALOG_COMPILER_APPICON_NAME = AppIcon;
				ASSETCATALOG_COMPILER_LAUNCHIMAGE_NAME = LaunchImage;
				GCC_PRECOMPILE_PREFIX_HEADER = YES;
				GCC_PREFIX_HEADER = "OQLocationTesting/OQLocationTesting-Prefix.pch";
				INFOPLIST_FILE = "OQLocationTesting/OQLocationTesting-Info.plist";
				PRODUCT_NAME = "$(TARGET_NAME)";
				WRAPPER_EXTENSION = app;
			};
			name = Debug;
		};
		5E1EBA0E1933B86D0078384D /* Release */ = {
			isa = XCBuildConfiguration;
			baseConfigurationReference = 7BB8A24196CC47F28666A158 /* Pods.xcconfig */;
			buildSettings = {
				ASSETCATALOG_COMPILER_APPICON_NAME = AppIcon;
				ASSETCATALOG_COMPILER_LAUNCHIMAGE_NAME = LaunchImage;
				GCC_PRECOMPILE_PREFIX_HEADER = YES;
				GCC_PREFIX_HEADER = "OQLocationTesting/OQLocationTesting-Prefix.pch";
				INFOPLIST_FILE = "OQLocationTesting/OQLocationTesting-Info.plist";
				PRODUCT_NAME = "$(TARGET_NAME)";
				WRAPPER_EXTENSION = app;
			};
			name = Release;
		};
		5E1EBA101933B86D0078384D /* Debug */ = {
			isa = XCBuildConfiguration;
			buildSettings = {
				BUNDLE_LOADER = "$(BUILT_PRODUCTS_DIR)/OQLocationTesting.app/OQLocationTesting";
				FRAMEWORK_SEARCH_PATHS = (
					"$(SDKROOT)/Developer/Library/Frameworks",
					"$(inherited)",
					"$(DEVELOPER_FRAMEWORKS_DIR)",
				);
				GCC_PRECOMPILE_PREFIX_HEADER = YES;
				GCC_PREFIX_HEADER = "OQLocationTesting/OQLocationTesting-Prefix.pch";
				GCC_PREPROCESSOR_DEFINITIONS = (
					"DEBUG=1",
					"$(inherited)",
				);
				INFOPLIST_FILE = "OQLocationTestingTests/OQLocationTestingTests-Info.plist";
				PRODUCT_NAME = "$(TARGET_NAME)";
				TEST_HOST = "$(BUNDLE_LOADER)";
				WRAPPER_EXTENSION = xctest;
			};
			name = Debug;
		};
		5E1EBA111933B86D0078384D /* Release */ = {
			isa = XCBuildConfiguration;
			buildSettings = {
				BUNDLE_LOADER = "$(BUILT_PRODUCTS_DIR)/OQLocationTesting.app/OQLocationTesting";
				FRAMEWORK_SEARCH_PATHS = (
					"$(SDKROOT)/Developer/Library/Frameworks",
					"$(inherited)",
					"$(DEVELOPER_FRAMEWORKS_DIR)",
				);
				GCC_PRECOMPILE_PREFIX_HEADER = YES;
				GCC_PREFIX_HEADER = "OQLocationTesting/OQLocationTesting-Prefix.pch";
				INFOPLIST_FILE = "OQLocationTestingTests/OQLocationTestingTests-Info.plist";
				PRODUCT_NAME = "$(TARGET_NAME)";
				TEST_HOST = "$(BUNDLE_LOADER)";
				WRAPPER_EXTENSION = xctest;
			};
			name = Release;
		};
		5E6FBF3C1933B9860084D5EE /* Debug */ = {
			isa = XCBuildConfiguration;
			buildSettings = {
				PRODUCT_NAME = "$(TARGET_NAME)";
			};
			name = Debug;
		};
		5E6FBF3D1933B9860084D5EE /* Release */ = {
			isa = XCBuildConfiguration;
			buildSettings = {
				PRODUCT_NAME = "$(TARGET_NAME)";
			};
			name = Release;
		};
/* End XCBuildConfiguration section */

/* Begin XCConfigurationList section */
		5E1EB9D51933B86C0078384D /* Build configuration list for PBXProject "OQLocationTesting" */ = {
			isa = XCConfigurationList;
			buildConfigurations = (
				5E1EBA0A1933B86D0078384D /* Debug */,
				5E1EBA0B1933B86D0078384D /* Release */,
			);
			defaultConfigurationIsVisible = 0;
			defaultConfigurationName = Release;
		};
		5E1EBA0C1933B86D0078384D /* Build configuration list for PBXNativeTarget "OQLocationTesting" */ = {
			isa = XCConfigurationList;
			buildConfigurations = (
				5E1EBA0D1933B86D0078384D /* Debug */,
				5E1EBA0E1933B86D0078384D /* Release */,
			);
			defaultConfigurationIsVisible = 0;
			defaultConfigurationName = Release;
		};
		5E1EBA0F1933B86D0078384D /* Build configuration list for PBXNativeTarget "OQLocationTestingTests" */ = {
			isa = XCConfigurationList;
			buildConfigurations = (
				5E1EBA101933B86D0078384D /* Debug */,
				5E1EBA111933B86D0078384D /* Release */,
			);
			defaultConfigurationIsVisible = 0;
			defaultConfigurationName = Release;
		};
		5E6FBF3B1933B9860084D5EE /* Build configuration list for PBXAggregateTarget "Mogenerator" */ = {
			isa = XCConfigurationList;
			buildConfigurations = (
				5E6FBF3C1933B9860084D5EE /* Debug */,
				5E6FBF3D1933B9860084D5EE /* Release */,
			);
			defaultConfigurationIsVisible = 0;
			defaultConfigurationName = Release;
		};
/* End XCConfigurationList section */

/* Begin XCVersionGroup section */
		5E6FBF311933B9270084D5EE /* OQLocationTesting.xcdatamodeld */ = {
			isa = XCVersionGroup;
			children = (
				5E6FBF321933B9270084D5EE /* OQLocationTesting.xcdatamodel */,
			);
			currentVersion = 5E6FBF321933B9270084D5EE /* OQLocationTesting.xcdatamodel */;
			path = OQLocationTesting.xcdatamodeld;
			sourceTree = "<group>";
			versionGroupType = wrapper.xcdatamodel;
		};
/* End XCVersionGroup section */
	};
	rootObject = 5E1EB9D21933B86C0078384D /* Project object */;
}
